// !$*UTF8*$!
{
	archiveVersion = 1;
	classes = {
	};
	objectVersion = 46;
	objects = {

/* Begin PBXBuildFile section */
		5D7F9A441D82025C007BAE4F /* AKPomfSelectionViewController.swift in Sources */ = {isa = PBXBuildFile; fileRef = 5D7F9A431D82025C007BAE4F /* AKPomfSelectionViewController.swift */; };
		5D9F1EDC1D7CB28A0009A8A9 /* AppDelegate.swift in Sources */ = {isa = PBXBuildFile; fileRef = 5D9F1EDB1D7CB28A0009A8A9 /* AppDelegate.swift */; };
		5D9F1EE01D7CB28A0009A8A9 /* Assets.xcassets in Resources */ = {isa = PBXBuildFile; fileRef = 5D9F1EDF1D7CB28A0009A8A9 /* Assets.xcassets */; };
		5D9F1EE31D7CB28A0009A8A9 /* Main.storyboard in Resources */ = {isa = PBXBuildFile; fileRef = 5D9F1EE11D7CB28A0009A8A9 /* Main.storyboard */; };
		5D9F1EEE1D7CB28A0009A8A9 /* AkedoTests.swift in Sources */ = {isa = PBXBuildFile; fileRef = 5D9F1EED1D7CB28A0009A8A9 /* AkedoTests.swift */; };
		5D9F1EF91D7CB28A0009A8A9 /* AkedoUITests.swift in Sources */ = {isa = PBXBuildFile; fileRef = 5D9F1EF81D7CB28A0009A8A9 /* AkedoUITests.swift */; };
		5D9F1F0F1D7CCE330009A8A9 /* AKPomf.swift in Sources */ = {isa = PBXBuildFile; fileRef = 5D9F1F0E1D7CCE330009A8A9 /* AKPomf.swift */; };
		5DDF26841D8215B600D0926C /* AKPomfTableCellView.swift in Sources */ = {isa = PBXBuildFile; fileRef = 5DDF26831D8215B600D0926C /* AKPomfTableCellView.swift */; };
		5DF516CD1D845F29004EB16D /* icon.icns in Resources */ = {isa = PBXBuildFile; fileRef = 5DF516CC1D845F29004EB16D /* icon.icns */; };
		5DF516D01D845F29004EB16D /* ShareViewController.swift in Sources */ = {isa = PBXBuildFile; fileRef = 5DF516CF1D845F29004EB16D /* ShareViewController.swift */; };
		5DF516D31D845F29004EB16D /* ShareViewController.xib in Resources */ = {isa = PBXBuildFile; fileRef = 5DF516D11D845F29004EB16D /* ShareViewController.xib */; };
		5DF516D71D845F29004EB16D /* Upload with Akedo.appex in Embed App Extensions */ = {isa = PBXBuildFile; fileRef = 5DF516C91D845F29004EB16D /* Upload with Akedo.appex */; settings = {ATTRIBUTES = (RemoveHeadersOnCopy, ); }; };
		6799253F08497C233740A46C /* Pods_AkedoUITests.framework in Frameworks */ = {isa = PBXBuildFile; fileRef = 65CB0E7CE82F69547D83E6EF /* Pods_AkedoUITests.framework */; };
		D6C7175C125BFBF691EDD035 /* Pods_AkedoTests.framework in Frameworks */ = {isa = PBXBuildFile; fileRef = 031F40BFE6F6294EFF4BA3F7 /* Pods_AkedoTests.framework */; };
		DD5CAC3EE0EB7BFC45888FC7 /* Pods_Akedo.framework in Frameworks */ = {isa = PBXBuildFile; fileRef = E8993F24CCF17EA91D5BFC47 /* Pods_Akedo.framework */; };
/* End PBXBuildFile section */

/* Begin PBXContainerItemProxy section */
		5D9F1EEA1D7CB28A0009A8A9 /* PBXContainerItemProxy */ = {
			isa = PBXContainerItemProxy;
			containerPortal = 5D9F1ED01D7CB28A0009A8A9 /* Project object */;
			proxyType = 1;
			remoteGlobalIDString = 5D9F1ED71D7CB28A0009A8A9;
			remoteInfo = Akedo;
		};
		5D9F1EF51D7CB28A0009A8A9 /* PBXContainerItemProxy */ = {
			isa = PBXContainerItemProxy;
			containerPortal = 5D9F1ED01D7CB28A0009A8A9 /* Project object */;
			proxyType = 1;
			remoteGlobalIDString = 5D9F1ED71D7CB28A0009A8A9;
			remoteInfo = Akedo;
		};
		5DF516D51D845F29004EB16D /* PBXContainerItemProxy */ = {
			isa = PBXContainerItemProxy;
			containerPortal = 5D9F1ED01D7CB28A0009A8A9 /* Project object */;
			proxyType = 1;
			remoteGlobalIDString = 5DF516C81D845F29004EB16D;
			remoteInfo = "Upload with Akedo";
		};
/* End PBXContainerItemProxy section */

/* Begin PBXCopyFilesBuildPhase section */
		5D1207021D835879002E24F7 /* Embed App Extensions */ = {
			isa = PBXCopyFilesBuildPhase;
			buildActionMask = 2147483647;
			dstPath = "";
			dstSubfolderSpec = 13;
			files = (
				5DF516D71D845F29004EB16D /* Upload with Akedo.appex in Embed App Extensions */,
			);
			name = "Embed App Extensions";
			runOnlyForDeploymentPostprocessing = 0;
		};
/* End PBXCopyFilesBuildPhase section */

/* Begin PBXFileReference section */
		031F40BFE6F6294EFF4BA3F7 /* Pods_AkedoTests.framework */ = {isa = PBXFileReference; explicitFileType = wrapper.framework; includeInIndex = 0; path = Pods_AkedoTests.framework; sourceTree = BUILT_PRODUCTS_DIR; };
		04424F03F896352CFA07A44A /* Pods-AkedoUITests.debug.xcconfig */ = {isa = PBXFileReference; includeInIndex = 1; lastKnownFileType = text.xcconfig; name = "Pods-AkedoUITests.debug.xcconfig"; path = "Pods/Target Support Files/Pods-AkedoUITests/Pods-AkedoUITests.debug.xcconfig"; sourceTree = "<group>"; };
		5B6B09802DAD6912424D7DD0 /* Pods-AkedoTests.release.xcconfig */ = {isa = PBXFileReference; includeInIndex = 1; lastKnownFileType = text.xcconfig; name = "Pods-AkedoTests.release.xcconfig"; path = "Pods/Target Support Files/Pods-AkedoTests/Pods-AkedoTests.release.xcconfig"; sourceTree = "<group>"; };
		5D7F9A431D82025C007BAE4F /* AKPomfSelectionViewController.swift */ = {isa = PBXFileReference; fileEncoding = 4; lastKnownFileType = sourcecode.swift; path = AKPomfSelectionViewController.swift; sourceTree = "<group>"; };
		5D9F1ED81D7CB28A0009A8A9 /* Akedo.app */ = {isa = PBXFileReference; explicitFileType = wrapper.application; includeInIndex = 0; path = Akedo.app; sourceTree = BUILT_PRODUCTS_DIR; };
		5D9F1EDB1D7CB28A0009A8A9 /* AppDelegate.swift */ = {isa = PBXFileReference; lastKnownFileType = sourcecode.swift; path = AppDelegate.swift; sourceTree = "<group>"; };
		5D9F1EDF1D7CB28A0009A8A9 /* Assets.xcassets */ = {isa = PBXFileReference; lastKnownFileType = folder.assetcatalog; path = Assets.xcassets; sourceTree = "<group>"; };
		5D9F1EE21D7CB28A0009A8A9 /* Base */ = {isa = PBXFileReference; lastKnownFileType = file.storyboard; name = Base; path = Base.lproj/Main.storyboard; sourceTree = "<group>"; };
		5D9F1EE41D7CB28A0009A8A9 /* Info.plist */ = {isa = PBXFileReference; lastKnownFileType = text.plist.xml; path = Info.plist; sourceTree = "<group>"; };
		5D9F1EE91D7CB28A0009A8A9 /* AkedoTests.xctest */ = {isa = PBXFileReference; explicitFileType = wrapper.cfbundle; includeInIndex = 0; path = AkedoTests.xctest; sourceTree = BUILT_PRODUCTS_DIR; };
		5D9F1EED1D7CB28A0009A8A9 /* AkedoTests.swift */ = {isa = PBXFileReference; lastKnownFileType = sourcecode.swift; path = AkedoTests.swift; sourceTree = "<group>"; };
		5D9F1EEF1D7CB28A0009A8A9 /* Info.plist */ = {isa = PBXFileReference; lastKnownFileType = text.plist.xml; path = Info.plist; sourceTree = "<group>"; };
		5D9F1EF41D7CB28A0009A8A9 /* AkedoUITests.xctest */ = {isa = PBXFileReference; explicitFileType = wrapper.cfbundle; includeInIndex = 0; path = AkedoUITests.xctest; sourceTree = BUILT_PRODUCTS_DIR; };
		5D9F1EF81D7CB28A0009A8A9 /* AkedoUITests.swift */ = {isa = PBXFileReference; lastKnownFileType = sourcecode.swift; path = AkedoUITests.swift; sourceTree = "<group>"; };
		5D9F1EFA1D7CB28A0009A8A9 /* Info.plist */ = {isa = PBXFileReference; lastKnownFileType = text.plist.xml; path = Info.plist; sourceTree = "<group>"; };
		5D9F1F0E1D7CCE330009A8A9 /* AKPomf.swift */ = {isa = PBXFileReference; fileEncoding = 4; lastKnownFileType = sourcecode.swift; path = AKPomf.swift; sourceTree = "<group>"; };
		5DDF26831D8215B600D0926C /* AKPomfTableCellView.swift */ = {isa = PBXFileReference; fileEncoding = 4; lastKnownFileType = sourcecode.swift; path = AKPomfTableCellView.swift; sourceTree = "<group>"; };
		5DF516C91D845F29004EB16D /* Upload with Akedo.appex */ = {isa = PBXFileReference; explicitFileType = "wrapper.app-extension"; includeInIndex = 0; path = "Upload with Akedo.appex"; sourceTree = BUILT_PRODUCTS_DIR; };
		5DF516CC1D845F29004EB16D /* icon.icns */ = {isa = PBXFileReference; lastKnownFileType = image.icns; path = icon.icns; sourceTree = "<group>"; };
		5DF516CE1D845F29004EB16D /* Upload_with_Akedo.entitlements */ = {isa = PBXFileReference; lastKnownFileType = text.xml; path = Upload_with_Akedo.entitlements; sourceTree = "<group>"; };
		5DF516CF1D845F29004EB16D /* ShareViewController.swift */ = {isa = PBXFileReference; lastKnownFileType = sourcecode.swift; path = ShareViewController.swift; sourceTree = "<group>"; };
		5DF516D21D845F29004EB16D /* Base */ = {isa = PBXFileReference; lastKnownFileType = file.xib; name = Base; path = Base.lproj/ShareViewController.xib; sourceTree = "<group>"; };
		5DF516D41D845F29004EB16D /* Info.plist */ = {isa = PBXFileReference; lastKnownFileType = text.plist.xml; path = Info.plist; sourceTree = "<group>"; };
		5DF516E61D84722A004EB16D /* Alamofire.framework */ = {isa = PBXFileReference; lastKnownFileType = wrapper.framework; name = Alamofire.framework; path = Pods/../build/Debug/Alamofire/Alamofire.framework; sourceTree = "<group>"; };
		65CB0E7CE82F69547D83E6EF /* Pods_AkedoUITests.framework */ = {isa = PBXFileReference; explicitFileType = wrapper.framework; includeInIndex = 0; path = Pods_AkedoUITests.framework; sourceTree = BUILT_PRODUCTS_DIR; };
		747467C3044820F62D6F55A9 /* Pods-Akedo.debug.xcconfig */ = {isa = PBXFileReference; includeInIndex = 1; lastKnownFileType = text.xcconfig; name = "Pods-Akedo.debug.xcconfig"; path = "Pods/Target Support Files/Pods-Akedo/Pods-Akedo.debug.xcconfig"; sourceTree = "<group>"; };
		A158317D2970FF1EB00AD845 /* Pods-AkedoUITests.release.xcconfig */ = {isa = PBXFileReference; includeInIndex = 1; lastKnownFileType = text.xcconfig; name = "Pods-AkedoUITests.release.xcconfig"; path = "Pods/Target Support Files/Pods-AkedoUITests/Pods-AkedoUITests.release.xcconfig"; sourceTree = "<group>"; };
		AF36EDE0D700DE8D10CE3F6C /* Pods-Akedo.release.xcconfig */ = {isa = PBXFileReference; includeInIndex = 1; lastKnownFileType = text.xcconfig; name = "Pods-Akedo.release.xcconfig"; path = "Pods/Target Support Files/Pods-Akedo/Pods-Akedo.release.xcconfig"; sourceTree = "<group>"; };
		D1735E81D91E7A0363AA603A /* Pods-AkedoTests.debug.xcconfig */ = {isa = PBXFileReference; includeInIndex = 1; lastKnownFileType = text.xcconfig; name = "Pods-AkedoTests.debug.xcconfig"; path = "Pods/Target Support Files/Pods-AkedoTests/Pods-AkedoTests.debug.xcconfig"; sourceTree = "<group>"; };
		E8993F24CCF17EA91D5BFC47 /* Pods_Akedo.framework */ = {isa = PBXFileReference; explicitFileType = wrapper.framework; includeInIndex = 0; path = Pods_Akedo.framework; sourceTree = BUILT_PRODUCTS_DIR; };
/* End PBXFileReference section */

/* Begin PBXFrameworksBuildPhase section */
		5D9F1ED51D7CB28A0009A8A9 /* Frameworks */ = {
			isa = PBXFrameworksBuildPhase;
			buildActionMask = 2147483647;
			files = (
				DD5CAC3EE0EB7BFC45888FC7 /* Pods_Akedo.framework in Frameworks */,
			);
			runOnlyForDeploymentPostprocessing = 0;
		};
		5D9F1EE61D7CB28A0009A8A9 /* Frameworks */ = {
			isa = PBXFrameworksBuildPhase;
			buildActionMask = 2147483647;
			files = (
				D6C7175C125BFBF691EDD035 /* Pods_AkedoTests.framework in Frameworks */,
			);
			runOnlyForDeploymentPostprocessing = 0;
		};
		5D9F1EF11D7CB28A0009A8A9 /* Frameworks */ = {
			isa = PBXFrameworksBuildPhase;
			buildActionMask = 2147483647;
			files = (
				6799253F08497C233740A46C /* Pods_AkedoUITests.framework in Frameworks */,
			);
			runOnlyForDeploymentPostprocessing = 0;
		};
		5DF516C61D845F29004EB16D /* Frameworks */ = {
			isa = PBXFrameworksBuildPhase;
			buildActionMask = 2147483647;
			files = (
			);
			runOnlyForDeploymentPostprocessing = 0;
		};
/* End PBXFrameworksBuildPhase section */

/* Begin PBXGroup section */
		105BA61579D35E42381EAE64 /* Pods */ = {
			isa = PBXGroup;
			children = (
				747467C3044820F62D6F55A9 /* Pods-Akedo.debug.xcconfig */,
				AF36EDE0D700DE8D10CE3F6C /* Pods-Akedo.release.xcconfig */,
				D1735E81D91E7A0363AA603A /* Pods-AkedoTests.debug.xcconfig */,
				5B6B09802DAD6912424D7DD0 /* Pods-AkedoTests.release.xcconfig */,
				04424F03F896352CFA07A44A /* Pods-AkedoUITests.debug.xcconfig */,
				A158317D2970FF1EB00AD845 /* Pods-AkedoUITests.release.xcconfig */,
			);
			name = Pods;
			sourceTree = "<group>";
		};
		5D9F1ECF1D7CB28A0009A8A9 = {
			isa = PBXGroup;
			children = (
				5D9F1EDA1D7CB28A0009A8A9 /* Akedo */,
				5D9F1EEC1D7CB28A0009A8A9 /* AkedoTests */,
				5D9F1EF71D7CB28A0009A8A9 /* AkedoUITests */,
				5DF516CA1D845F29004EB16D /* Upload with Akedo */,
				5D9F1ED91D7CB28A0009A8A9 /* Products */,
				105BA61579D35E42381EAE64 /* Pods */,
				65BEA81156CD195BDA325CA5 /* Frameworks */,
			);
			sourceTree = "<group>";
		};
		5D9F1ED91D7CB28A0009A8A9 /* Products */ = {
			isa = PBXGroup;
			children = (
				5D9F1ED81D7CB28A0009A8A9 /* Akedo.app */,
				5D9F1EE91D7CB28A0009A8A9 /* AkedoTests.xctest */,
				5D9F1EF41D7CB28A0009A8A9 /* AkedoUITests.xctest */,
				5DF516C91D845F29004EB16D /* Upload with Akedo.appex */,
			);
			name = Products;
			sourceTree = "<group>";
		};
		5D9F1EDA1D7CB28A0009A8A9 /* Akedo */ = {
			isa = PBXGroup;
			children = (
				5D9F1EDB1D7CB28A0009A8A9 /* AppDelegate.swift */,
				5D9F1F0E1D7CCE330009A8A9 /* AKPomf.swift */,
				5D7F9A431D82025C007BAE4F /* AKPomfSelectionViewController.swift */,
				5DDF26831D8215B600D0926C /* AKPomfTableCellView.swift */,
				5D9F1EDF1D7CB28A0009A8A9 /* Assets.xcassets */,
				5D9F1EE11D7CB28A0009A8A9 /* Main.storyboard */,
				5D9F1EE41D7CB28A0009A8A9 /* Info.plist */,
			);
			path = Akedo;
			sourceTree = "<group>";
		};
		5D9F1EEC1D7CB28A0009A8A9 /* AkedoTests */ = {
			isa = PBXGroup;
			children = (
				5D9F1EED1D7CB28A0009A8A9 /* AkedoTests.swift */,
				5D9F1EEF1D7CB28A0009A8A9 /* Info.plist */,
			);
			path = AkedoTests;
			sourceTree = "<group>";
		};
		5D9F1EF71D7CB28A0009A8A9 /* AkedoUITests */ = {
			isa = PBXGroup;
			children = (
				5D9F1EF81D7CB28A0009A8A9 /* AkedoUITests.swift */,
				5D9F1EFA1D7CB28A0009A8A9 /* Info.plist */,
			);
			path = AkedoUITests;
			sourceTree = "<group>";
		};
		5DF516CA1D845F29004EB16D /* Upload with Akedo */ = {
			isa = PBXGroup;
			children = (
				5DF516CF1D845F29004EB16D /* ShareViewController.swift */,
				5DF516D11D845F29004EB16D /* ShareViewController.xib */,
				5DF516D41D845F29004EB16D /* Info.plist */,
				5DF516CB1D845F29004EB16D /* Supporting Files */,
			);
			path = "Upload with Akedo";
			sourceTree = "<group>";
		};
		5DF516CB1D845F29004EB16D /* Supporting Files */ = {
			isa = PBXGroup;
			children = (
				5DF516CC1D845F29004EB16D /* icon.icns */,
				5DF516CE1D845F29004EB16D /* Upload_with_Akedo.entitlements */,
			);
			name = "Supporting Files";
			sourceTree = "<group>";
		};
		65BEA81156CD195BDA325CA5 /* Frameworks */ = {
			isa = PBXGroup;
			children = (
				5DF516E61D84722A004EB16D /* Alamofire.framework */,
				E8993F24CCF17EA91D5BFC47 /* Pods_Akedo.framework */,
				031F40BFE6F6294EFF4BA3F7 /* Pods_AkedoTests.framework */,
				65CB0E7CE82F69547D83E6EF /* Pods_AkedoUITests.framework */,
			);
			name = Frameworks;
			sourceTree = "<group>";
		};
/* End PBXGroup section */

/* Begin PBXNativeTarget section */
		5D9F1ED71D7CB28A0009A8A9 /* Akedo */ = {
			isa = PBXNativeTarget;
			buildConfigurationList = 5D9F1EFD1D7CB28A0009A8A9 /* Build configuration list for PBXNativeTarget "Akedo" */;
			buildPhases = (
				DF677951801824C9B60783C3 /* 📦 Check Pods Manifest.lock */,
				5D9F1ED41D7CB28A0009A8A9 /* Sources */,
				5D9F1ED51D7CB28A0009A8A9 /* Frameworks */,
				5D9F1ED61D7CB28A0009A8A9 /* Resources */,
				C0DA2206008AB072C30639B4 /* 📦 Embed Pods Frameworks */,
				8E137E466614C69BD53FF9BB /* 📦 Copy Pods Resources */,
				5D1207021D835879002E24F7 /* Embed App Extensions */,
			);
			buildRules = (
			);
			dependencies = (
				5DF516D61D845F29004EB16D /* PBXTargetDependency */,
			);
			name = Akedo;
			productName = Akedo;
			productReference = 5D9F1ED81D7CB28A0009A8A9 /* Akedo.app */;
			productType = "com.apple.product-type.application";
		};
		5D9F1EE81D7CB28A0009A8A9 /* AkedoTests */ = {
			isa = PBXNativeTarget;
			buildConfigurationList = 5D9F1F001D7CB28A0009A8A9 /* Build configuration list for PBXNativeTarget "AkedoTests" */;
			buildPhases = (
				E67FF9BAC79A28D705E51631 /* 📦 Check Pods Manifest.lock */,
				5D9F1EE51D7CB28A0009A8A9 /* Sources */,
				5D9F1EE61D7CB28A0009A8A9 /* Frameworks */,
				5D9F1EE71D7CB28A0009A8A9 /* Resources */,
				4A97F3E932798C7D2A03EE57 /* 📦 Embed Pods Frameworks */,
				BCCF4A622B46C2A3971CDC49 /* 📦 Copy Pods Resources */,
			);
			buildRules = (
			);
			dependencies = (
				5D9F1EEB1D7CB28A0009A8A9 /* PBXTargetDependency */,
			);
			name = AkedoTests;
			productName = AkedoTests;
			productReference = 5D9F1EE91D7CB28A0009A8A9 /* AkedoTests.xctest */;
			productType = "com.apple.product-type.bundle.unit-test";
		};
		5D9F1EF31D7CB28A0009A8A9 /* AkedoUITests */ = {
			isa = PBXNativeTarget;
			buildConfigurationList = 5D9F1F031D7CB28A0009A8A9 /* Build configuration list for PBXNativeTarget "AkedoUITests" */;
			buildPhases = (
				8999ABBAD0652C5274BE35D0 /* 📦 Check Pods Manifest.lock */,
				5D9F1EF01D7CB28A0009A8A9 /* Sources */,
				5D9F1EF11D7CB28A0009A8A9 /* Frameworks */,
				5D9F1EF21D7CB28A0009A8A9 /* Resources */,
				41AB3687809B1EF38844E3F8 /* 📦 Copy Pods Resources */,
			);
			buildRules = (
			);
			dependencies = (
				5D9F1EF61D7CB28A0009A8A9 /* PBXTargetDependency */,
			);
			name = AkedoUITests;
			productName = AkedoUITests;
			productReference = 5D9F1EF41D7CB28A0009A8A9 /* AkedoUITests.xctest */;
			productType = "com.apple.product-type.bundle.ui-testing";
		};
		5DF516C81D845F29004EB16D /* Upload with Akedo */ = {
			isa = PBXNativeTarget;
			buildConfigurationList = 5DF516D81D845F29004EB16D /* Build configuration list for PBXNativeTarget "Upload with Akedo" */;
			buildPhases = (
				5DF516C51D845F29004EB16D /* Sources */,
				5DF516C61D845F29004EB16D /* Frameworks */,
				5DF516C71D845F29004EB16D /* Resources */,
			);
			buildRules = (
			);
			dependencies = (
			);
			name = "Upload with Akedo";
			productName = "Upload with Akedo";
			productReference = 5DF516C91D845F29004EB16D /* Upload with Akedo.appex */;
			productType = "com.apple.product-type.app-extension";
		};
/* End PBXNativeTarget section */

/* Begin PBXProject section */
		5D9F1ED01D7CB28A0009A8A9 /* Project object */ = {
			isa = PBXProject;
			attributes = {
				LastSwiftUpdateCheck = 0720;
				LastUpgradeCheck = 0720;
				ORGANIZATIONNAME = DrabWeb;
				TargetAttributes = {
					5D9F1ED71D7CB28A0009A8A9 = {
						CreatedOnToolsVersion = 7.2;
					};
					5D9F1EE81D7CB28A0009A8A9 = {
						CreatedOnToolsVersion = 7.2;
						TestTargetID = 5D9F1ED71D7CB28A0009A8A9;
					};
					5D9F1EF31D7CB28A0009A8A9 = {
						CreatedOnToolsVersion = 7.2;
						TestTargetID = 5D9F1ED71D7CB28A0009A8A9;
					};
					5DF516C81D845F29004EB16D = {
						CreatedOnToolsVersion = 7.2;
					};
				};
			};
			buildConfigurationList = 5D9F1ED31D7CB28A0009A8A9 /* Build configuration list for PBXProject "Akedo" */;
			compatibilityVersion = "Xcode 3.2";
			developmentRegion = English;
			hasScannedForEncodings = 0;
			knownRegions = (
				en,
				Base,
			);
			mainGroup = 5D9F1ECF1D7CB28A0009A8A9;
			productRefGroup = 5D9F1ED91D7CB28A0009A8A9 /* Products */;
			projectDirPath = "";
			projectRoot = "";
			targets = (
				5D9F1ED71D7CB28A0009A8A9 /* Akedo */,
				5D9F1EE81D7CB28A0009A8A9 /* AkedoTests */,
				5D9F1EF31D7CB28A0009A8A9 /* AkedoUITests */,
				5DF516C81D845F29004EB16D /* Upload with Akedo */,
			);
		};
/* End PBXProject section */

/* Begin PBXResourcesBuildPhase section */
		5D9F1ED61D7CB28A0009A8A9 /* Resources */ = {
			isa = PBXResourcesBuildPhase;
			buildActionMask = 2147483647;
			files = (
				5D9F1EE01D7CB28A0009A8A9 /* Assets.xcassets in Resources */,
				5D9F1EE31D7CB28A0009A8A9 /* Main.storyboard in Resources */,
			);
			runOnlyForDeploymentPostprocessing = 0;
		};
		5D9F1EE71D7CB28A0009A8A9 /* Resources */ = {
			isa = PBXResourcesBuildPhase;
			buildActionMask = 2147483647;
			files = (
			);
			runOnlyForDeploymentPostprocessing = 0;
		};
		5D9F1EF21D7CB28A0009A8A9 /* Resources */ = {
			isa = PBXResourcesBuildPhase;
			buildActionMask = 2147483647;
			files = (
			);
			runOnlyForDeploymentPostprocessing = 0;
		};
		5DF516C71D845F29004EB16D /* Resources */ = {
			isa = PBXResourcesBuildPhase;
			buildActionMask = 2147483647;
			files = (
				5DF516D31D845F29004EB16D /* ShareViewController.xib in Resources */,
				5DF516CD1D845F29004EB16D /* icon.icns in Resources */,
			);
			runOnlyForDeploymentPostprocessing = 0;
		};
/* End PBXResourcesBuildPhase section */

/* Begin PBXShellScriptBuildPhase section */
		41AB3687809B1EF38844E3F8 /* 📦 Copy Pods Resources */ = {
			isa = PBXShellScriptBuildPhase;
			buildActionMask = 2147483647;
			files = (
			);
			inputPaths = (
			);
			name = "📦 Copy Pods Resources";
			outputPaths = (
			);
			runOnlyForDeploymentPostprocessing = 0;
			shellPath = /bin/sh;
			shellScript = "\"${SRCROOT}/Pods/Target Support Files/Pods-AkedoUITests/Pods-AkedoUITests-resources.sh\"\n";
			showEnvVarsInLog = 0;
		};
		4A97F3E932798C7D2A03EE57 /* 📦 Embed Pods Frameworks */ = {
			isa = PBXShellScriptBuildPhase;
			buildActionMask = 2147483647;
			files = (
			);
			inputPaths = (
			);
			name = "📦 Embed Pods Frameworks";
			outputPaths = (
			);
			runOnlyForDeploymentPostprocessing = 0;
			shellPath = /bin/sh;
			shellScript = "\"${SRCROOT}/Pods/Target Support Files/Pods-AkedoTests/Pods-AkedoTests-frameworks.sh\"\n";
			showEnvVarsInLog = 0;
		};
		8999ABBAD0652C5274BE35D0 /* 📦 Check Pods Manifest.lock */ = {
			isa = PBXShellScriptBuildPhase;
			buildActionMask = 2147483647;
			files = (
			);
			inputPaths = (
			);
			name = "📦 Check Pods Manifest.lock";
			outputPaths = (
			);
			runOnlyForDeploymentPostprocessing = 0;
			shellPath = /bin/sh;
			shellScript = "diff \"${PODS_ROOT}/../Podfile.lock\" \"${PODS_ROOT}/Manifest.lock\" > /dev/null\nif [[ $? != 0 ]] ; then\n    cat << EOM\nerror: The sandbox is not in sync with the Podfile.lock. Run 'pod install' or update your CocoaPods installation.\nEOM\n    exit 1\nfi\n";
			showEnvVarsInLog = 0;
		};
		8E137E466614C69BD53FF9BB /* 📦 Copy Pods Resources */ = {
			isa = PBXShellScriptBuildPhase;
			buildActionMask = 2147483647;
			files = (
			);
			inputPaths = (
			);
			name = "📦 Copy Pods Resources";
			outputPaths = (
			);
			runOnlyForDeploymentPostprocessing = 0;
			shellPath = /bin/sh;
			shellScript = "\"${SRCROOT}/Pods/Target Support Files/Pods-Akedo/Pods-Akedo-resources.sh\"\n";
			showEnvVarsInLog = 0;
		};
		BCCF4A622B46C2A3971CDC49 /* 📦 Copy Pods Resources */ = {
			isa = PBXShellScriptBuildPhase;
			buildActionMask = 2147483647;
			files = (
			);
			inputPaths = (
			);
			name = "📦 Copy Pods Resources";
			outputPaths = (
			);
			runOnlyForDeploymentPostprocessing = 0;
			shellPath = /bin/sh;
			shellScript = "\"${SRCROOT}/Pods/Target Support Files/Pods-AkedoTests/Pods-AkedoTests-resources.sh\"\n";
			showEnvVarsInLog = 0;
		};
		C0DA2206008AB072C30639B4 /* 📦 Embed Pods Frameworks */ = {
			isa = PBXShellScriptBuildPhase;
			buildActionMask = 2147483647;
			files = (
			);
			inputPaths = (
			);
			name = "📦 Embed Pods Frameworks";
			outputPaths = (
			);
			runOnlyForDeploymentPostprocessing = 0;
			shellPath = /bin/sh;
			shellScript = "\"${SRCROOT}/Pods/Target Support Files/Pods-Akedo/Pods-Akedo-frameworks.sh\"\n";
			showEnvVarsInLog = 0;
		};
		DF677951801824C9B60783C3 /* 📦 Check Pods Manifest.lock */ = {
			isa = PBXShellScriptBuildPhase;
			buildActionMask = 2147483647;
			files = (
			);
			inputPaths = (
			);
			name = "📦 Check Pods Manifest.lock";
			outputPaths = (
			);
			runOnlyForDeploymentPostprocessing = 0;
			shellPath = /bin/sh;
			shellScript = "diff \"${PODS_ROOT}/../Podfile.lock\" \"${PODS_ROOT}/Manifest.lock\" > /dev/null\nif [[ $? != 0 ]] ; then\n    cat << EOM\nerror: The sandbox is not in sync with the Podfile.lock. Run 'pod install' or update your CocoaPods installation.\nEOM\n    exit 1\nfi\n";
			showEnvVarsInLog = 0;
		};
		E67FF9BAC79A28D705E51631 /* 📦 Check Pods Manifest.lock */ = {
			isa = PBXShellScriptBuildPhase;
			buildActionMask = 2147483647;
			files = (
			);
			inputPaths = (
			);
			name = "📦 Check Pods Manifest.lock";
			outputPaths = (
			);
			runOnlyForDeploymentPostprocessing = 0;
			shellPath = /bin/sh;
			shellScript = "diff \"${PODS_ROOT}/../Podfile.lock\" \"${PODS_ROOT}/Manifest.lock\" > /dev/null\nif [[ $? != 0 ]] ; then\n    cat << EOM\nerror: The sandbox is not in sync with the Podfile.lock. Run 'pod install' or update your CocoaPods installation.\nEOM\n    exit 1\nfi\n";
			showEnvVarsInLog = 0;
		};
/* End PBXShellScriptBuildPhase section */

/* Begin PBXSourcesBuildPhase section */
		5D9F1ED41D7CB28A0009A8A9 /* Sources */ = {
			isa = PBXSourcesBuildPhase;
			buildActionMask = 2147483647;
			files = (
				5D9F1F0F1D7CCE330009A8A9 /* AKPomf.swift in Sources */,
				5DDF26841D8215B600D0926C /* AKPomfTableCellView.swift in Sources */,
				5D7F9A441D82025C007BAE4F /* AKPomfSelectionViewController.swift in Sources */,
				5D9F1EDC1D7CB28A0009A8A9 /* AppDelegate.swift in Sources */,
			);
			runOnlyForDeploymentPostprocessing = 0;
		};
		5D9F1EE51D7CB28A0009A8A9 /* Sources */ = {
			isa = PBXSourcesBuildPhase;
			buildActionMask = 2147483647;
			files = (
				5D9F1EEE1D7CB28A0009A8A9 /* AkedoTests.swift in Sources */,
			);
			runOnlyForDeploymentPostprocessing = 0;
		};
		5D9F1EF01D7CB28A0009A8A9 /* Sources */ = {
			isa = PBXSourcesBuildPhase;
			buildActionMask = 2147483647;
			files = (
				5D9F1EF91D7CB28A0009A8A9 /* AkedoUITests.swift in Sources */,
			);
			runOnlyForDeploymentPostprocessing = 0;
		};
		5DF516C51D845F29004EB16D /* Sources */ = {
			isa = PBXSourcesBuildPhase;
			buildActionMask = 2147483647;
			files = (
				5DF516D01D845F29004EB16D /* ShareViewController.swift in Sources */,
			);
			runOnlyForDeploymentPostprocessing = 0;
		};
/* End PBXSourcesBuildPhase section */

/* Begin PBXTargetDependency section */
		5D9F1EEB1D7CB28A0009A8A9 /* PBXTargetDependency */ = {
			isa = PBXTargetDependency;
			target = 5D9F1ED71D7CB28A0009A8A9 /* Akedo */;
			targetProxy = 5D9F1EEA1D7CB28A0009A8A9 /* PBXContainerItemProxy */;
		};
		5D9F1EF61D7CB28A0009A8A9 /* PBXTargetDependency */ = {
			isa = PBXTargetDependency;
			target = 5D9F1ED71D7CB28A0009A8A9 /* Akedo */;
			targetProxy = 5D9F1EF51D7CB28A0009A8A9 /* PBXContainerItemProxy */;
		};
		5DF516D61D845F29004EB16D /* PBXTargetDependency */ = {
			isa = PBXTargetDependency;
			target = 5DF516C81D845F29004EB16D /* Upload with Akedo */;
			targetProxy = 5DF516D51D845F29004EB16D /* PBXContainerItemProxy */;
		};
/* End PBXTargetDependency section */

/* Begin PBXVariantGroup section */
		5D9F1EE11D7CB28A0009A8A9 /* Main.storyboard */ = {
			isa = PBXVariantGroup;
			children = (
				5D9F1EE21D7CB28A0009A8A9 /* Base */,
			);
			name = Main.storyboard;
			sourceTree = "<group>";
		};
		5DF516D11D845F29004EB16D /* ShareViewController.xib */ = {
			isa = PBXVariantGroup;
			children = (
				5DF516D21D845F29004EB16D /* Base */,
			);
			name = ShareViewController.xib;
			sourceTree = "<group>";
		};
/* End PBXVariantGroup section */

/* Begin XCBuildConfiguration section */
		5D9F1EFB1D7CB28A0009A8A9 /* Debug */ = {
			isa = XCBuildConfiguration;
			buildSettings = {
				ALWAYS_SEARCH_USER_PATHS = NO;
				CLANG_CXX_LANGUAGE_STANDARD = "gnu++0x";
				CLANG_CXX_LIBRARY = "libc++";
				CLANG_ENABLE_MODULES = YES;
				CLANG_ENABLE_OBJC_ARC = YES;
				CLANG_WARN_BOOL_CONVERSION = YES;
				CLANG_WARN_CONSTANT_CONVERSION = YES;
				CLANG_WARN_DIRECT_OBJC_ISA_USAGE = YES_ERROR;
				CLANG_WARN_EMPTY_BODY = YES;
				CLANG_WARN_ENUM_CONVERSION = YES;
				CLANG_WARN_INT_CONVERSION = YES;
				CLANG_WARN_OBJC_ROOT_CLASS = YES_ERROR;
				CLANG_WARN_UNREACHABLE_CODE = YES;
				CLANG_WARN__DUPLICATE_METHOD_MATCH = YES;
				CODE_SIGN_IDENTITY = "-";
				COPY_PHASE_STRIP = NO;
				DEBUG_INFORMATION_FORMAT = dwarf;
				ENABLE_STRICT_OBJC_MSGSEND = YES;
				ENABLE_TESTABILITY = YES;
				GCC_C_LANGUAGE_STANDARD = gnu99;
				GCC_DYNAMIC_NO_PIC = NO;
				GCC_NO_COMMON_BLOCKS = YES;
				GCC_OPTIMIZATION_LEVEL = 0;
				GCC_PREPROCESSOR_DEFINITIONS = (
					"DEBUG=1",
					"$(inherited)",
				);
				GCC_WARN_64_TO_32_BIT_CONVERSION = YES;
				GCC_WARN_ABOUT_RETURN_TYPE = YES_ERROR;
				GCC_WARN_UNDECLARED_SELECTOR = YES;
				GCC_WARN_UNINITIALIZED_AUTOS = YES_AGGRESSIVE;
				GCC_WARN_UNUSED_FUNCTION = YES;
				GCC_WARN_UNUSED_VARIABLE = YES;
				MACOSX_DEPLOYMENT_TARGET = 10.11;
				MTL_ENABLE_DEBUG_INFO = YES;
				ONLY_ACTIVE_ARCH = YES;
				SDKROOT = macosx;
				SWIFT_OPTIMIZATION_LEVEL = "-Onone";
			};
			name = Debug;
		};
		5D9F1EFC1D7CB28A0009A8A9 /* Release */ = {
			isa = XCBuildConfiguration;
			buildSettings = {
				ALWAYS_SEARCH_USER_PATHS = NO;
				CLANG_CXX_LANGUAGE_STANDARD = "gnu++0x";
				CLANG_CXX_LIBRARY = "libc++";
				CLANG_ENABLE_MODULES = YES;
				CLANG_ENABLE_OBJC_ARC = YES;
				CLANG_WARN_BOOL_CONVERSION = YES;
				CLANG_WARN_CONSTANT_CONVERSION = YES;
				CLANG_WARN_DIRECT_OBJC_ISA_USAGE = YES_ERROR;
				CLANG_WARN_EMPTY_BODY = YES;
				CLANG_WARN_ENUM_CONVERSION = YES;
				CLANG_WARN_INT_CONVERSION = YES;
				CLANG_WARN_OBJC_ROOT_CLASS = YES_ERROR;
				CLANG_WARN_UNREACHABLE_CODE = YES;
				CLANG_WARN__DUPLICATE_METHOD_MATCH = YES;
				CODE_SIGN_IDENTITY = "-";
				COPY_PHASE_STRIP = NO;
				DEBUG_INFORMATION_FORMAT = "dwarf-with-dsym";
				ENABLE_NS_ASSERTIONS = NO;
				ENABLE_STRICT_OBJC_MSGSEND = YES;
				GCC_C_LANGUAGE_STANDARD = gnu99;
				GCC_NO_COMMON_BLOCKS = YES;
				GCC_WARN_64_TO_32_BIT_CONVERSION = YES;
				GCC_WARN_ABOUT_RETURN_TYPE = YES_ERROR;
				GCC_WARN_UNDECLARED_SELECTOR = YES;
				GCC_WARN_UNINITIALIZED_AUTOS = YES_AGGRESSIVE;
				GCC_WARN_UNUSED_FUNCTION = YES;
				GCC_WARN_UNUSED_VARIABLE = YES;
				MACOSX_DEPLOYMENT_TARGET = 10.11;
				MTL_ENABLE_DEBUG_INFO = NO;
				SDKROOT = macosx;
			};
			name = Release;
		};
		5D9F1EFE1D7CB28A0009A8A9 /* Debug */ = {
			isa = XCBuildConfiguration;
			baseConfigurationReference = 747467C3044820F62D6F55A9 /* Pods-Akedo.debug.xcconfig */;
			buildSettings = {
				ASSETCATALOG_COMPILER_APPICON_NAME = AppIcon;
				COMBINE_HIDPI_IMAGES = YES;
				EMBEDDED_CONTENT_CONTAINS_SWIFT = YES;
				INFOPLIST_FILE = Akedo/Info.plist;
				LD_RUNPATH_SEARCH_PATHS = "$(inherited) @executable_path/../Frameworks";
				MACOSX_DEPLOYMENT_TARGET = 10.10;
				PRODUCT_BUNDLE_IDENTIFIER = drabweb.Akedo;
				PRODUCT_NAME = "$(TARGET_NAME)";
			};
			name = Debug;
		};
		5D9F1EFF1D7CB28A0009A8A9 /* Release */ = {
			isa = XCBuildConfiguration;
			baseConfigurationReference = AF36EDE0D700DE8D10CE3F6C /* Pods-Akedo.release.xcconfig */;
			buildSettings = {
				ASSETCATALOG_COMPILER_APPICON_NAME = AppIcon;
				COMBINE_HIDPI_IMAGES = YES;
				EMBEDDED_CONTENT_CONTAINS_SWIFT = YES;
				INFOPLIST_FILE = Akedo/Info.plist;
				LD_RUNPATH_SEARCH_PATHS = "$(inherited) @executable_path/../Frameworks";
				MACOSX_DEPLOYMENT_TARGET = 10.10;
				PRODUCT_BUNDLE_IDENTIFIER = drabweb.Akedo;
				PRODUCT_NAME = "$(TARGET_NAME)";
			};
			name = Release;
		};
		5D9F1F011D7CB28A0009A8A9 /* Debug */ = {
			isa = XCBuildConfiguration;
			baseConfigurationReference = D1735E81D91E7A0363AA603A /* Pods-AkedoTests.debug.xcconfig */;
			buildSettings = {
				BUNDLE_LOADER = "$(TEST_HOST)";
				COMBINE_HIDPI_IMAGES = YES;
				INFOPLIST_FILE = AkedoTests/Info.plist;
				LD_RUNPATH_SEARCH_PATHS = "$(inherited) @executable_path/../Frameworks @loader_path/../Frameworks";
				PRODUCT_BUNDLE_IDENTIFIER = drabweb.AkedoTests;
				PRODUCT_NAME = "$(TARGET_NAME)";
				TEST_HOST = "$(BUILT_PRODUCTS_DIR)/Akedo.app/Contents/MacOS/Akedo";
			};
			name = Debug;
		};
		5D9F1F021D7CB28A0009A8A9 /* Release */ = {
			isa = XCBuildConfiguration;
			baseConfigurationReference = 5B6B09802DAD6912424D7DD0 /* Pods-AkedoTests.release.xcconfig */;
			buildSettings = {
				BUNDLE_LOADER = "$(TEST_HOST)";
				COMBINE_HIDPI_IMAGES = YES;
				INFOPLIST_FILE = AkedoTests/Info.plist;
				LD_RUNPATH_SEARCH_PATHS = "$(inherited) @executable_path/../Frameworks @loader_path/../Frameworks";
				PRODUCT_BUNDLE_IDENTIFIER = drabweb.AkedoTests;
				PRODUCT_NAME = "$(TARGET_NAME)";
				TEST_HOST = "$(BUILT_PRODUCTS_DIR)/Akedo.app/Contents/MacOS/Akedo";
			};
			name = Release;
		};
		5D9F1F041D7CB28A0009A8A9 /* Debug */ = {
			isa = XCBuildConfiguration;
			baseConfigurationReference = 04424F03F896352CFA07A44A /* Pods-AkedoUITests.debug.xcconfig */;
			buildSettings = {
				COMBINE_HIDPI_IMAGES = YES;
				INFOPLIST_FILE = AkedoUITests/Info.plist;
				LD_RUNPATH_SEARCH_PATHS = "$(inherited) @executable_path/../Frameworks @loader_path/../Frameworks";
				PRODUCT_BUNDLE_IDENTIFIER = drabweb.AkedoUITests;
				PRODUCT_NAME = "$(TARGET_NAME)";
				TEST_TARGET_NAME = Akedo;
				USES_XCTRUNNER = YES;
			};
			name = Debug;
		};
		5D9F1F051D7CB28A0009A8A9 /* Release */ = {
			isa = XCBuildConfiguration;
			baseConfigurationReference = A158317D2970FF1EB00AD845 /* Pods-AkedoUITests.release.xcconfig */;
			buildSettings = {
				COMBINE_HIDPI_IMAGES = YES;
				INFOPLIST_FILE = AkedoUITests/Info.plist;
				LD_RUNPATH_SEARCH_PATHS = "$(inherited) @executable_path/../Frameworks @loader_path/../Frameworks";
				PRODUCT_BUNDLE_IDENTIFIER = drabweb.AkedoUITests;
				PRODUCT_NAME = "$(TARGET_NAME)";
				TEST_TARGET_NAME = Akedo;
				USES_XCTRUNNER = YES;
			};
			name = Release;
		};
		5DF516D91D845F29004EB16D /* Debug */ = {
			isa = XCBuildConfiguration;
			buildSettings = {
				CODE_SIGN_ENTITLEMENTS = "Upload with Akedo/Upload_with_Akedo.entitlements";
				COMBINE_HIDPI_IMAGES = YES;
				FRAMEWORK_SEARCH_PATHS = (
					"$(inherited)",
					"$(PROJECT_DIR)/build/Debug/Alamofire",
				);
				INFOPLIST_FILE = "Upload with Akedo/Info.plist";
				LD_RUNPATH_SEARCH_PATHS = "$(inherited) @executable_path/../Frameworks @executable_path/../../../../Frameworks";
				MACOSX_DEPLOYMENT_TARGET = 10.10;
				PRODUCT_BUNDLE_IDENTIFIER = "drabweb.Akedo.Upload-with-Akedo";
				PRODUCT_NAME = "$(TARGET_NAME)";
				SKIP_INSTALL = YES;
			};
			name = Debug;
		};
		5DF516DA1D845F29004EB16D /* Release */ = {
			isa = XCBuildConfiguration;
			buildSettings = {
				CODE_SIGN_ENTITLEMENTS = "Upload with Akedo/Upload_with_Akedo.entitlements";
				COMBINE_HIDPI_IMAGES = YES;
				FRAMEWORK_SEARCH_PATHS = (
					"$(inherited)",
					"$(PROJECT_DIR)/build/Debug/Alamofire",
				);
				INFOPLIST_FILE = "Upload with Akedo/Info.plist";
				LD_RUNPATH_SEARCH_PATHS = "$(inherited) @executable_path/../Frameworks @executable_path/../../../../Frameworks";
				MACOSX_DEPLOYMENT_TARGET = 10.10;
				PRODUCT_BUNDLE_IDENTIFIER = "drabweb.Akedo.Upload-with-Akedo";
				PRODUCT_NAME = "$(TARGET_NAME)";
				SKIP_INSTALL = YES;
			};
			name = Release;
		};
/* End XCBuildConfiguration section */

/* Begin XCConfigurationList section */
		5D9F1ED31D7CB28A0009A8A9 /* Build configuration list for PBXProject "Akedo" */ = {
			isa = XCConfigurationList;
			buildConfigurations = (
				5D9F1EFB1D7CB28A0009A8A9 /* Debug */,
				5D9F1EFC1D7CB28A0009A8A9 /* Release */,
			);
			defaultConfigurationIsVisible = 0;
			defaultConfigurationName = Release;
		};
		5D9F1EFD1D7CB28A0009A8A9 /* Build configuration list for PBXNativeTarget "Akedo" */ = {
			isa = XCConfigurationList;
			buildConfigurations = (
				5D9F1EFE1D7CB28A0009A8A9 /* Debug */,
				5D9F1EFF1D7CB28A0009A8A9 /* Release */,
			);
			defaultConfigurationIsVisible = 0;
			defaultConfigurationName = Release;
		};
		5D9F1F001D7CB28A0009A8A9 /* Build configuration list for PBXNativeTarget "AkedoTests" */ = {
			isa = XCConfigurationList;
			buildConfigurations = (
				5D9F1F011D7CB28A0009A8A9 /* Debug */,
				5D9F1F021D7CB28A0009A8A9 /* Release */,
			);
			defaultConfigurationIsVisible = 0;
			defaultConfigurationName = Release;
		};
		5D9F1F031D7CB28A0009A8A9 /* Build configuration list for PBXNativeTarget "AkedoUITests" */ = {
			isa = XCConfigurationList;
			buildConfigurations = (
				5D9F1F041D7CB28A0009A8A9 /* Debug */,
				5D9F1F051D7CB28A0009A8A9 /* Release */,
			);
			defaultConfigurationIsVisible = 0;
			defaultConfigurationName = Release;
		};
		5DF516D81D845F29004EB16D /* Build configuration list for PBXNativeTarget "Upload with Akedo" */ = {
			isa = XCConfigurationList;
			buildConfigurations = (
				5DF516D91D845F29004EB16D /* Debug */,
				5DF516DA1D845F29004EB16D /* Release */,
			);
			defaultConfigurationIsVisible = 0;
		};
/* End XCConfigurationList section */
	};
	rootObject = 5D9F1ED01D7CB28A0009A8A9 /* Project object */;
}
